Microsoft Visual Studio Solution File, Format Version 12.00
# Visual Studio Version 17
VisualStudioVersion = 17.5.2.0
MinimumVisualStudioVersion = 10.0.40219.1
Project("{FAE04EC0-301F-11D3-BF4B-00C04F79EFBC}") = "JoshMurphyPortfolio", "JoshMurphyPortfolio.csproj", "{CD5284B1-764B-8E10-E472-D67C9A1DD8A5}"
EndProject
Global
	GlobalSection(SolutionConfigurationPlatforms) = preSolution
		Debug|Any CPU = Debug|Any CPU
		Release|Any CPU = Release|Any CPU
	EndGlobalSection
	GlobalSection(ProjectConfigurationPlatforms) = postSolution
		{CD5284B1-764B-8E10-E472-D67C9A1DD8A5}.Debug|Any CPU.ActiveCfg = Debug|Any CPU
		{CD5284B1-764B-8E10-E472-D67C9A1DD8A5}.Debug|Any CPU.Build.0 = Debug|Any CPU
		{CD5284B1-764B-8E10-E472-D67C9A1DD8A5}.Release|Any CPU.ActiveCfg = Release|Any CPU
		{CD5284B1-764B-8E10-E472-D67C9A1DD8A5}.Release|Any CPU.Build.0 = Release|Any CPU
	EndGlobalSection
	GlobalSection(SolutionProperties) = preSolution
		HideSolutionNode = FALSE
	EndGlobalSection
	GlobalSection(ExtensibilityGlobals) = postSolution
		SolutionGuid = {4585A0CA-304B-4880-8969-D5D6C5484BB6}
	EndGlobalSection
EndGlobal
